
Microsoft Visual Studio Solution File, Format Version 12.00
# Visual Studio Version 17
VisualStudioVersion = 17.5.002.0
MinimumVisualStudioVersion = 10.0.40219.1
Project("{2150E333-8FDC-42A3-9474-1A3956D46DE8}") = "sandbox", "sandbox", "{1FD05E48-FCE2-434A-B6AF-651882187093}"
EndProject
Project("{9A19103F-16F7-4668-BE54-9A1E7A4F7556}") = "sandbox_project", "sandbox\sandbox_project\sandbox_project.csproj", "{D2D1B3C1-654C-4E5C-BEF6-CBF8F509E54C}"
EndProject
Project("{2150E333-8FDC-42A3-9474-1A3956D46DE8}") = "week01", "week01", "{B2AC2044-3F73-417E-A190-4A4E9133116B}"
EndProject
Project("{9A19103F-16F7-4668-BE54-9A1E7A4F7556}") = "analyze", "week01\analyze\analyze.csproj", "{1603E60D-97C3-4953-B465-FAE7E2C4B309}"
EndProject
Project("{9A19103F-16F7-4668-BE54-9A1E7A4F7556}") = "code", "week01\code\code.csproj", "{80010FDE-E224-4615-8A5C-38C095A18B44}"
EndProject
Project("{9A19103F-16F7-4668-BE54-9A1E7A4F7556}") = "teach", "week01\teach\teach.csproj", "{E075B1FC-2217-4367-8771-B81C2BFECAC8}"
EndProject
Project("{2150E333-8FDC-42A3-9474-1A3956D46DE8}") = "week02", "week02", "{BC3BF1C7-23C0-4DAE-B508-4B84BA4C581E}"
EndProject
Project("{9A19103F-16F7-4668-BE54-9A1E7A4F7556}") = "analyze", "week02\analyze\analyze.csproj", "{607436CD-B083-4684-8FFC-81B004BDDF30}"
EndProject
Project("{9A19103F-16F7-4668-BE54-9A1E7A4F7556}") = "code", "week02\code\code.csproj", "{5AAD58FE-265A-456C-B0B6-74C065A053BF}"
EndProject
Project("{9A19103F-16F7-4668-BE54-9A1E7A4F7556}") = "learn", "week02\learn\learn.csproj", "{FEE80D49-CB7C-4BA7-AA17-A1CA33755B99}"
EndProject
Project("{9A19103F-16F7-4668-BE54-9A1E7A4F7556}") = "teach", "week02\teach\teach.csproj", "{865C877C-73A4-4165-BF9B-956E6A973C44}"
EndProject
Project("{2150E333-8FDC-42A3-9474-1A3956D46DE8}") = "week03", "week03", "{78EDF36A-806A-45EC-9D46-95D39F655C62}"
EndProject
Project("{9A19103F-16F7-4668-BE54-9A1E7A4F7556}") = "code", "week03\code\code.csproj", "{CFAF8E84-FCF1-4982-BB8F-9577D89CABE8}"
EndProject
Project("{9A19103F-16F7-4668-BE54-9A1E7A4F7556}") = "learn", "week03\learn\learn.csproj", "{F727CF86-8963-46C9-A0AC-234A22E1A75B}"
EndProject
Project("{9A19103F-16F7-4668-BE54-9A1E7A4F7556}") = "teach", "week03\teach\teach.csproj", "{8D2114CB-646D-44B3-BFAD-D96482C37983}"
EndProject
Project("{2150E333-8FDC-42A3-9474-1A3956D46DE8}") = "week04", "week04", "{E8F1E44D-D002-4518-822A-E43D9752B638}"
EndProject
Project("{9A19103F-16F7-4668-BE54-9A1E7A4F7556}") = "code", "week04\code\code.csproj", "{B5A513DB-4DDB-4E03-A313-04267CA01696}"
EndProject
Project("{2150E333-8FDC-42A3-9474-1A3956D46DE8}") = "week05", "week05", "{8E08D4E6-5645-4B86-B671-B8FB28FBE86B}"
EndProject
Project("{9A19103F-16F7-4668-BE54-9A1E7A4F7556}") = "code", "week05\code\code.csproj", "{302B4321-1830-47E3-BD44-2E286792B7CF}"
EndProject
Project("{2150E333-8FDC-42A3-9474-1A3956D46DE8}") = "week06", "week06", "{4B8BA662-EF0D-4C54-AB4B-9EF79E46F6A3}"
EndProject
Project("{9A19103F-16F7-4668-BE54-9A1E7A4F7556}") = "code", "week06\code\code.csproj", "{7C53D0BA-BAA0-45B8-82D7-5520560FC54A}"
EndProject
Global
	GlobalSection(SolutionConfigurationPlatforms) = preSolution
		Debug|Any CPU = Debug|Any CPU
		Release|Any CPU = Release|Any CPU
	EndGlobalSection
	GlobalSection(ProjectConfigurationPlatforms) = postSolution
		{D2D1B3C1-654C-4E5C-BEF6-CBF8F509E54C}.Debug|Any CPU.ActiveCfg = Debug|Any CPU
		{D2D1B3C1-654C-4E5C-BEF6-CBF8F509E54C}.Debug|Any CPU.Build.0 = Debug|Any CPU
		{D2D1B3C1-654C-4E5C-BEF6-CBF8F509E54C}.Release|Any CPU.ActiveCfg = Release|Any CPU
		{D2D1B3C1-654C-4E5C-BEF6-CBF8F509E54C}.Release|Any CPU.Build.0 = Release|Any CPU
		{1603E60D-97C3-4953-B465-FAE7E2C4B309}.Debug|Any CPU.ActiveCfg = Debug|Any CPU
		{1603E60D-97C3-4953-B465-FAE7E2C4B309}.Debug|Any CPU.Build.0 = Debug|Any CPU
		{1603E60D-97C3-4953-B465-FAE7E2C4B309}.Release|Any CPU.ActiveCfg = Release|Any CPU
		{1603E60D-97C3-4953-B465-FAE7E2C4B309}.Release|Any CPU.Build.0 = Release|Any CPU
		{80010FDE-E224-4615-8A5C-38C095A18B44}.Debug|Any CPU.ActiveCfg = Debug|Any CPU
		{80010FDE-E224-4615-8A5C-38C095A18B44}.Debug|Any CPU.Build.0 = Debug|Any CPU
		{80010FDE-E224-4615-8A5C-38C095A18B44}.Release|Any CPU.ActiveCfg = Release|Any CPU
		{80010FDE-E224-4615-8A5C-38C095A18B44}.Release|Any CPU.Build.0 = Release|Any CPU
		{E075B1FC-2217-4367-8771-B81C2BFECAC8}.Debug|Any CPU.ActiveCfg = Debug|Any CPU
		{E075B1FC-2217-4367-8771-B81C2BFECAC8}.Debug|Any CPU.Build.0 = Debug|Any CPU
		{E075B1FC-2217-4367-8771-B81C2BFECAC8}.Release|Any CPU.ActiveCfg = Release|Any CPU
		{E075B1FC-2217-4367-8771-B81C2BFECAC8}.Release|Any CPU.Build.0 = Release|Any CPU
		{607436CD-B083-4684-8FFC-81B004BDDF30}.Debug|Any CPU.ActiveCfg = Debug|Any CPU
		{607436CD-B083-4684-8FFC-81B004BDDF30}.Debug|Any CPU.Build.0 = Debug|Any CPU
		{607436CD-B083-4684-8FFC-81B004BDDF30}.Release|Any CPU.ActiveCfg = Release|Any CPU
		{607436CD-B083-4684-8FFC-81B004BDDF30}.Release|Any CPU.Build.0 = Release|Any CPU
		{5AAD58FE-265A-456C-B0B6-74C065A053BF}.Debug|Any CPU.ActiveCfg = Debug|Any CPU
		{5AAD58FE-265A-456C-B0B6-74C065A053BF}.Debug|Any CPU.Build.0 = Debug|Any CPU
		{5AAD58FE-265A-456C-B0B6-74C065A053BF}.Release|Any CPU.ActiveCfg = Release|Any CPU
		{5AAD58FE-265A-456C-B0B6-74C065A053BF}.Release|Any CPU.Build.0 = Release|Any CPU
		{FEE80D49-CB7C-4BA7-AA17-A1CA33755B99}.Debug|Any CPU.ActiveCfg = Debug|Any CPU
		{FEE80D49-CB7C-4BA7-AA17-A1CA33755B99}.Debug|Any CPU.Build.0 = Debug|Any CPU
		{FEE80D49-CB7C-4BA7-AA17-A1CA33755B99}.Release|Any CPU.ActiveCfg = Release|Any CPU
		{FEE80D49-CB7C-4BA7-AA17-A1CA33755B99}.Release|Any CPU.Build.0 = Release|Any CPU
		{865C877C-73A4-4165-BF9B-956E6A973C44}.Debug|Any CPU.ActiveCfg = Debug|Any CPU
		{865C877C-73A4-4165-BF9B-956E6A973C44}.Debug|Any CPU.Build.0 = Debug|Any CPU
		{865C877C-73A4-4165-BF9B-956E6A973C44}.Release|Any CPU.ActiveCfg = Release|Any CPU
		{865C877C-73A4-4165-BF9B-956E6A973C44}.Release|Any CPU.Build.0 = Release|Any CPU
		{CFAF8E84-FCF1-4982-BB8F-9577D89CABE8}.Debug|Any CPU.ActiveCfg = Debug|Any CPU
		{CFAF8E84-FCF1-4982-BB8F-9577D89CABE8}.Debug|Any CPU.Build.0 = Debug|Any CPU
		{CFAF8E84-FCF1-4982-BB8F-9577D89CABE8}.Release|Any CPU.ActiveCfg = Release|Any CPU
		{CFAF8E84-FCF1-4982-BB8F-9577D89CABE8}.Release|Any CPU.Build.0 = Release|Any CPU
		{F727CF86-8963-46C9-A0AC-234A22E1A75B}.Debug|Any CPU.ActiveCfg = Debug|Any CPU
		{F727CF86-8963-46C9-A0AC-234A22E1A75B}.Debug|Any CPU.Build.0 = Debug|Any CPU
		{F727CF86-8963-46C9-A0AC-234A22E1A75B}.Release|Any CPU.ActiveCfg = Release|Any CPU
		{F727CF86-8963-46C9-A0AC-234A22E1A75B}.Release|Any CPU.Build.0 = Release|Any CPU
		{8D2114CB-646D-44B3-BFAD-D96482C37983}.Debug|Any CPU.ActiveCfg = Debug|Any CPU
		{8D2114CB-646D-44B3-BFAD-D96482C37983}.Debug|Any CPU.Build.0 = Debug|Any CPU
		{8D2114CB-646D-44B3-BFAD-D96482C37983}.Release|Any CPU.ActiveCfg = Release|Any CPU
		{8D2114CB-646D-44B3-BFAD-D96482C37983}.Release|Any CPU.Build.0 = Release|Any CPU
		{B5A513DB-4DDB-4E03-A313-04267CA01696}.Debug|Any CPU.ActiveCfg = Debug|Any CPU
		{B5A513DB-4DDB-4E03-A313-04267CA01696}.Debug|Any CPU.Build.0 = Debug|Any CPU
		{B5A513DB-4DDB-4E03-A313-04267CA01696}.Release|Any CPU.ActiveCfg = Release|Any CPU
		{B5A513DB-4DDB-4E03-A313-04267CA01696}.Release|Any CPU.Build.0 = Release|Any CPU
		{302B4321-1830-47E3-BD44-2E286792B7CF}.Debug|Any CPU.ActiveCfg = Debug|Any CPU
		{302B4321-1830-47E3-BD44-2E286792B7CF}.Debug|Any CPU.Build.0 = Debug|Any CPU
		{302B4321-1830-47E3-BD44-2E286792B7CF}.Release|Any CPU.ActiveCfg = Release|Any CPU
		{302B4321-1830-47E3-BD44-2E286792B7CF}.Release|Any CPU.Build.0 = Release|Any CPU
		{7C53D0BA-BAA0-45B8-82D7-5520560FC54A}.Debug|Any CPU.ActiveCfg = Debug|Any CPU
		{7C53D0BA-BAA0-45B8-82D7-5520560FC54A}.Debug|Any CPU.Build.0 = Debug|Any CPU
		{7C53D0BA-BAA0-45B8-82D7-5520560FC54A}.Release|Any CPU.ActiveCfg = Release|Any CPU
		{7C53D0BA-BAA0-45B8-82D7-5520560FC54A}.Release|Any CPU.Build.0 = Release|Any CPU
	EndGlobalSection
	GlobalSection(SolutionProperties) = preSolution
		HideSolutionNode = FALSE
	EndGlobalSection
	GlobalSection(NestedProjects) = preSolution
		{D2D1B3C1-654C-4E5C-BEF6-CBF8F509E54C} = {1FD05E48-FCE2-434A-B6AF-651882187093}
		{1603E60D-97C3-4953-B465-FAE7E2C4B309} = {B2AC2044-3F73-417E-A190-4A4E9133116B}
		{80010FDE-E224-4615-8A5C-38C095A18B44} = {B2AC2044-3F73-417E-A190-4A4E9133116B}
		{E075B1FC-2217-4367-8771-B81C2BFECAC8} = {B2AC2044-3F73-417E-A190-4A4E9133116B}
		{607436CD-B083-4684-8FFC-81B004BDDF30} = {BC3BF1C7-23C0-4DAE-B508-4B84BA4C581E}
		{5AAD58FE-265A-456C-B0B6-74C065A053BF} = {BC3BF1C7-23C0-4DAE-B508-4B84BA4C581E}
		{FEE80D49-CB7C-4BA7-AA17-A1CA33755B99} = {BC3BF1C7-23C0-4DAE-B508-4B84BA4C581E}
		{865C877C-73A4-4165-BF9B-956E6A973C44} = {BC3BF1C7-23C0-4DAE-B508-4B84BA4C581E}
		{CFAF8E84-FCF1-4982-BB8F-9577D89CABE8} = {78EDF36A-806A-45EC-9D46-95D39F655C62}
		{F727CF86-8963-46C9-A0AC-234A22E1A75B} = {78EDF36A-806A-45EC-9D46-95D39F655C62}
		{8D2114CB-646D-44B3-BFAD-D96482C37983} = {78EDF36A-806A-45EC-9D46-95D39F655C62}
		{B5A513DB-4DDB-4E03-A313-04267CA01696} = {E8F1E44D-D002-4518-822A-E43D9752B638}
		{302B4321-1830-47E3-BD44-2E286792B7CF} = {8E08D4E6-5645-4B86-B671-B8FB28FBE86B}
		{7C53D0BA-BAA0-45B8-82D7-5520560FC54A} = {4B8BA662-EF0D-4C54-AB4B-9EF79E46F6A3}
	EndGlobalSection
	GlobalSection(ExtensibilityGlobals) = postSolution
		SolutionGuid = {61667337-F7B7-41A9-B718-0CC5AAD28FAC}
	EndGlobalSection
EndGlobal
